
Microsoft Visual Studio Solution File, Format Version 12.00
# Visual Studio 15
VisualStudioVersion = 15.0.26228.9
MinimumVisualStudioVersion = 10.0.40219.1
Project("{FAE04EC0-301F-11D3-BF4B-00C04F79EFBC}") = "Saferide.Web", "Saferide.Web\Saferide.Web.csproj", "{C3F1997C-0168-4949-B5C1-409080C6699F}"
EndProject
Project("{2150E333-8FDC-42A3-9474-1A3956D46DE8}") = "Web", "Web", "{C03D7BAE-93E6-459D-9D85-01B61F1A136B}"
EndProject
Project("{2150E333-8FDC-42A3-9474-1A3956D46DE8}") = "Mobile", "Mobile", "{6986EDD4-2ACB-471F-9E0A-B4496C860550}"
EndProject
Project("{FAE04EC0-301F-11D3-BF4B-00C04F79EFBC}") = "Saferide.Android", "Saferide\Saferide.Android\Saferide.Android.csproj", "{A32FD83E-10C2-42CE-A019-94F93FA8327D}"
EndProject
Project("{FAE04EC0-301F-11D3-BF4B-00C04F79EFBC}") = "Saferide.Portable", "Saferide\Saferide\Saferide.Portable.csproj", "{7EDAEB1C-E44D-4415-919C-29257B8DAFA6}"
EndProject
Project("{FAE04EC0-301F-11D3-BF4B-00C04F79EFBC}") = "Saferide.UWP", "Saferide\Saferide.UWP\Saferide.UWP.csproj", "{8772D387-8CD1-48FB-B849-7F196997EEA0}"
EndProject
Project("{FAE04EC0-301F-11D3-BF4B-00C04F79EFBC}") = "Saferide.iOS", "Saferide\Saferide.iOS\Saferide.iOS.csproj", "{8F7A8DFC-F7D6-401C-A34B-9FCAC258284B}"
EndProject
Global
	GlobalSection(SolutionConfigurationPlatforms) = preSolution
		Ad-Hoc|Any CPU = Ad-Hoc|Any CPU
		Ad-Hoc|ARM = Ad-Hoc|ARM
		Ad-Hoc|iPhone = Ad-Hoc|iPhone
		Ad-Hoc|iPhoneSimulator = Ad-Hoc|iPhoneSimulator
		Ad-Hoc|x64 = Ad-Hoc|x64
		Ad-Hoc|x86 = Ad-Hoc|x86
		AppStore|Any CPU = AppStore|Any CPU
		AppStore|ARM = AppStore|ARM
		AppStore|iPhone = AppStore|iPhone
		AppStore|iPhoneSimulator = AppStore|iPhoneSimulator
		AppStore|x64 = AppStore|x64
		AppStore|x86 = AppStore|x86
		Debug|Any CPU = Debug|Any CPU
		Debug|ARM = Debug|ARM
		Debug|iPhone = Debug|iPhone
		Debug|iPhoneSimulator = Debug|iPhoneSimulator
		Debug|x64 = Debug|x64
		Debug|x86 = Debug|x86
		Release|Any CPU = Release|Any CPU
		Release|ARM = Release|ARM
		Release|iPhone = Release|iPhone
		Release|iPhoneSimulator = Release|iPhoneSimulator
		Release|x64 = Release|x64
		Release|x86 = Release|x86
	EndGlobalSection
	GlobalSection(ProjectConfigurationPlatforms) = postSolution
		{C3F1997C-0168-4949-B5C1-409080C6699F}.Ad-Hoc|Any CPU.ActiveCfg = Release|Any CPU
		{C3F1997C-0168-4949-B5C1-409080C6699F}.Ad-Hoc|Any CPU.Build.0 = Release|Any CPU
		{C3F1997C-0168-4949-B5C1-409080C6699F}.Ad-Hoc|ARM.ActiveCfg = Release|Any CPU
		{C3F1997C-0168-4949-B5C1-409080C6699F}.Ad-Hoc|ARM.Build.0 = Release|Any CPU
		{C3F1997C-0168-4949-B5C1-409080C6699F}.Ad-Hoc|iPhone.ActiveCfg = Release|Any CPU
		{C3F1997C-0168-4949-B5C1-409080C6699F}.Ad-Hoc|iPhone.Build.0 = Release|Any CPU
		{C3F1997C-0168-4949-B5C1-409080C6699F}.Ad-Hoc|iPhoneSimulator.ActiveCfg = Release|Any CPU
		{C3F1997C-0168-4949-B5C1-409080C6699F}.Ad-Hoc|iPhoneSimulator.Build.0 = Release|Any CPU
		{C3F1997C-0168-4949-B5C1-409080C6699F}.Ad-Hoc|x64.ActiveCfg = Release|Any CPU
		{C3F1997C-0168-4949-B5C1-409080C6699F}.Ad-Hoc|x64.Build.0 = Release|Any CPU
		{C3F1997C-0168-4949-B5C1-409080C6699F}.Ad-Hoc|x86.ActiveCfg = Release|Any CPU
		{C3F1997C-0168-4949-B5C1-409080C6699F}.Ad-Hoc|x86.Build.0 = Release|Any CPU
		{C3F1997C-0168-4949-B5C1-409080C6699F}.AppStore|Any CPU.ActiveCfg = Release|Any CPU
		{C3F1997C-0168-4949-B5C1-409080C6699F}.AppStore|Any CPU.Build.0 = Release|Any CPU
		{C3F1997C-0168-4949-B5C1-409080C6699F}.AppStore|ARM.ActiveCfg = Release|Any CPU
		{C3F1997C-0168-4949-B5C1-409080C6699F}.AppStore|ARM.Build.0 = Release|Any CPU
		{C3F1997C-0168-4949-B5C1-409080C6699F}.AppStore|iPhone.ActiveCfg = Release|Any CPU
		{C3F1997C-0168-4949-B5C1-409080C6699F}.AppStore|iPhone.Build.0 = Release|Any CPU
		{C3F1997C-0168-4949-B5C1-409080C6699F}.AppStore|iPhoneSimulator.ActiveCfg = Release|Any CPU
		{C3F1997C-0168-4949-B5C1-409080C6699F}.AppStore|iPhoneSimulator.Build.0 = Release|Any CPU
		{C3F1997C-0168-4949-B5C1-409080C6699F}.AppStore|x64.ActiveCfg = Release|Any CPU
		{C3F1997C-0168-4949-B5C1-409080C6699F}.AppStore|x64.Build.0 = Release|Any CPU
		{C3F1997C-0168-4949-B5C1-409080C6699F}.AppStore|x86.ActiveCfg = Release|Any CPU
		{C3F1997C-0168-4949-B5C1-409080C6699F}.AppStore|x86.Build.0 = Release|Any CPU
		{C3F1997C-0168-4949-B5C1-409080C6699F}.Debug|Any CPU.ActiveCfg = Debug|Any CPU
		{C3F1997C-0168-4949-B5C1-409080C6699F}.Debug|Any CPU.Build.0 = Debug|Any CPU
		{C3F1997C-0168-4949-B5C1-409080C6699F}.Debug|ARM.ActiveCfg = Debug|Any CPU
		{C3F1997C-0168-4949-B5C1-409080C6699F}.Debug|ARM.Build.0 = Debug|Any CPU
		{C3F1997C-0168-4949-B5C1-409080C6699F}.Debug|iPhone.ActiveCfg = Debug|Any CPU
		{C3F1997C-0168-4949-B5C1-409080C6699F}.Debug|iPhone.Build.0 = Debug|Any CPU
		{C3F1997C-0168-4949-B5C1-409080C6699F}.Debug|iPhoneSimulator.ActiveCfg = Debug|Any CPU
		{C3F1997C-0168-4949-B5C1-409080C6699F}.Debug|iPhoneSimulator.Build.0 = Debug|Any CPU
		{C3F1997C-0168-4949-B5C1-409080C6699F}.Debug|x64.ActiveCfg = Debug|Any CPU
		{C3F1997C-0168-4949-B5C1-409080C6699F}.Debug|x64.Build.0 = Debug|Any CPU
		{C3F1997C-0168-4949-B5C1-409080C6699F}.Debug|x86.ActiveCfg = Debug|Any CPU
		{C3F1997C-0168-4949-B5C1-409080C6699F}.Debug|x86.Build.0 = Debug|Any CPU
		{C3F1997C-0168-4949-B5C1-409080C6699F}.Release|Any CPU.ActiveCfg = Release|Any CPU
		{C3F1997C-0168-4949-B5C1-409080C6699F}.Release|Any CPU.Build.0 = Release|Any CPU
		{C3F1997C-0168-4949-B5C1-409080C6699F}.Release|ARM.ActiveCfg = Release|Any CPU
		{C3F1997C-0168-4949-B5C1-409080C6699F}.Release|ARM.Build.0 = Release|Any CPU
		{C3F1997C-0168-4949-B5C1-409080C6699F}.Release|iPhone.ActiveCfg = Release|Any CPU
		{C3F1997C-0168-4949-B5C1-409080C6699F}.Release|iPhone.Build.0 = Release|Any CPU
		{C3F1997C-0168-4949-B5C1-409080C6699F}.Release|iPhoneSimulator.ActiveCfg = Release|Any CPU
		{C3F1997C-0168-4949-B5C1-409080C6699F}.Release|iPhoneSimulator.Build.0 = Release|Any CPU
		{C3F1997C-0168-4949-B5C1-409080C6699F}.Release|x64.ActiveCfg = Release|Any CPU
		{C3F1997C-0168-4949-B5C1-409080C6699F}.Release|x64.Build.0 = Release|Any CPU
		{C3F1997C-0168-4949-B5C1-409080C6699F}.Release|x86.ActiveCfg = Release|Any CPU
		{C3F1997C-0168-4949-B5C1-409080C6699F}.Release|x86.Build.0 = Release|Any CPU
		{A32FD83E-10C2-42CE-A019-94F93FA8327D}.Ad-Hoc|Any CPU.ActiveCfg = Release|Any CPU
		{A32FD83E-10C2-42CE-A019-94F93FA8327D}.Ad-Hoc|Any CPU.Build.0 = Release|Any CPU
		{A32FD83E-10C2-42CE-A019-94F93FA8327D}.Ad-Hoc|Any CPU.Deploy.0 = Release|Any CPU
		{A32FD83E-10C2-42CE-A019-94F93FA8327D}.Ad-Hoc|ARM.ActiveCfg = Release|Any CPU
		{A32FD83E-10C2-42CE-A019-94F93FA8327D}.Ad-Hoc|ARM.Build.0 = Release|Any CPU
		{A32FD83E-10C2-42CE-A019-94F93FA8327D}.Ad-Hoc|ARM.Deploy.0 = Release|Any CPU
		{A32FD83E-10C2-42CE-A019-94F93FA8327D}.Ad-Hoc|iPhone.ActiveCfg = Release|Any CPU
		{A32FD83E-10C2-42CE-A019-94F93FA8327D}.Ad-Hoc|iPhone.Build.0 = Release|Any CPU
		{A32FD83E-10C2-42CE-A019-94F93FA8327D}.Ad-Hoc|iPhone.Deploy.0 = Release|Any CPU
		{A32FD83E-10C2-42CE-A019-94F93FA8327D}.Ad-Hoc|iPhoneSimulator.ActiveCfg = Release|Any CPU
		{A32FD83E-10C2-42CE-A019-94F93FA8327D}.Ad-Hoc|iPhoneSimulator.Build.0 = Release|Any CPU
		{A32FD83E-10C2-42CE-A019-94F93FA8327D}.Ad-Hoc|iPhoneSimulator.Deploy.0 = Release|Any CPU
		{A32FD83E-10C2-42CE-A019-94F93FA8327D}.Ad-Hoc|x64.ActiveCfg = Release|Any CPU
		{A32FD83E-10C2-42CE-A019-94F93FA8327D}.Ad-Hoc|x64.Build.0 = Release|Any CPU
		{A32FD83E-10C2-42CE-A019-94F93FA8327D}.Ad-Hoc|x64.Deploy.0 = Release|Any CPU
		{A32FD83E-10C2-42CE-A019-94F93FA8327D}.Ad-Hoc|x86.ActiveCfg = Release|Any CPU
		{A32FD83E-10C2-42CE-A019-94F93FA8327D}.Ad-Hoc|x86.Build.0 = Release|Any CPU
		{A32FD83E-10C2-42CE-A019-94F93FA8327D}.Ad-Hoc|x86.Deploy.0 = Release|Any CPU
		{A32FD83E-10C2-42CE-A019-94F93FA8327D}.AppStore|Any CPU.ActiveCfg = Release|Any CPU
		{A32FD83E-10C2-42CE-A019-94F93FA8327D}.AppStore|Any CPU.Build.0 = Release|Any CPU
		{A32FD83E-10C2-42CE-A019-94F93FA8327D}.AppStore|Any CPU.Deploy.0 = Release|Any CPU
		{A32FD83E-10C2-42CE-A019-94F93FA8327D}.AppStore|ARM.ActiveCfg = Release|Any CPU
		{A32FD83E-10C2-42CE-A019-94F93FA8327D}.AppStore|ARM.Build.0 = Release|Any CPU
		{A32FD83E-10C2-42CE-A019-94F93FA8327D}.AppStore|ARM.Deploy.0 = Release|Any CPU
		{A32FD83E-10C2-42CE-A019-94F93FA8327D}.AppStore|iPhone.ActiveCfg = Release|Any CPU
		{A32FD83E-10C2-42CE-A019-94F93FA8327D}.AppStore|iPhone.Build.0 = Release|Any CPU
		{A32FD83E-10C2-42CE-A019-94F93FA8327D}.AppStore|iPhone.Deploy.0 = Release|Any CPU
		{A32FD83E-10C2-42CE-A019-94F93FA8327D}.AppStore|iPhoneSimulator.ActiveCfg = Release|Any CPU
		{A32FD83E-10C2-42CE-A019-94F93FA8327D}.AppStore|iPhoneSimulator.Build.0 = Release|Any CPU
		{A32FD83E-10C2-42CE-A019-94F93FA8327D}.AppStore|iPhoneSimulator.Deploy.0 = Release|Any CPU
		{A32FD83E-10C2-42CE-A019-94F93FA8327D}.AppStore|x64.ActiveCfg = Release|Any CPU
		{A32FD83E-10C2-42CE-A019-94F93FA8327D}.AppStore|x64.Build.0 = Release|Any CPU
		{A32FD83E-10C2-42CE-A019-94F93FA8327D}.AppStore|x64.Deploy.0 = Release|Any CPU
		{A32FD83E-10C2-42CE-A019-94F93FA8327D}.AppStore|x86.ActiveCfg = Release|Any CPU
		{A32FD83E-10C2-42CE-A019-94F93FA8327D}.AppStore|x86.Build.0 = Release|Any CPU
		{A32FD83E-10C2-42CE-A019-94F93FA8327D}.AppStore|x86.Deploy.0 = Release|Any CPU
		{A32FD83E-10C2-42CE-A019-94F93FA8327D}.Debug|Any CPU.ActiveCfg = Debug|Any CPU
		{A32FD83E-10C2-42CE-A019-94F93FA8327D}.Debug|Any CPU.Build.0 = Debug|Any CPU
		{A32FD83E-10C2-42CE-A019-94F93FA8327D}.Debug|Any CPU.Deploy.0 = Debug|Any CPU
		{A32FD83E-10C2-42CE-A019-94F93FA8327D}.Debug|ARM.ActiveCfg = Debug|Any CPU
		{A32FD83E-10C2-42CE-A019-94F93FA8327D}.Debug|ARM.Build.0 = Debug|Any CPU
		{A32FD83E-10C2-42CE-A019-94F93FA8327D}.Debug|ARM.Deploy.0 = Debug|Any CPU
		{A32FD83E-10C2-42CE-A019-94F93FA8327D}.Debug|iPhone.ActiveCfg = Debug|Any CPU
		{A32FD83E-10C2-42CE-A019-94F93FA8327D}.Debug|iPhone.Build.0 = Debug|Any CPU
		{A32FD83E-10C2-42CE-A019-94F93FA8327D}.Debug|iPhone.Deploy.0 = Debug|Any CPU
		{A32FD83E-10C2-42CE-A019-94F93FA8327D}.Debug|iPhoneSimulator.ActiveCfg = Debug|Any CPU
		{A32FD83E-10C2-42CE-A019-94F93FA8327D}.Debug|iPhoneSimulator.Build.0 = Debug|Any CPU
		{A32FD83E-10C2-42CE-A019-94F93FA8327D}.Debug|iPhoneSimulator.Deploy.0 = Debug|Any CPU
		{A32FD83E-10C2-42CE-A019-94F93FA8327D}.Debug|x64.ActiveCfg = Debug|Any CPU
		{A32FD83E-10C2-42CE-A019-94F93FA8327D}.Debug|x64.Build.0 = Debug|Any CPU
		{A32FD83E-10C2-42CE-A019-94F93FA8327D}.Debug|x64.Deploy.0 = Debug|Any CPU
		{A32FD83E-10C2-42CE-A019-94F93FA8327D}.Debug|x86.ActiveCfg = Debug|Any CPU
		{A32FD83E-10C2-42CE-A019-94F93FA8327D}.Debug|x86.Build.0 = Debug|Any CPU
		{A32FD83E-10C2-42CE-A019-94F93FA8327D}.Debug|x86.Deploy.0 = Debug|Any CPU
		{A32FD83E-10C2-42CE-A019-94F93FA8327D}.Release|Any CPU.ActiveCfg = Release|Any CPU
		{A32FD83E-10C2-42CE-A019-94F93FA8327D}.Release|Any CPU.Build.0 = Release|Any CPU
		{A32FD83E-10C2-42CE-A019-94F93FA8327D}.Release|Any CPU.Deploy.0 = Release|Any CPU
		{A32FD83E-10C2-42CE-A019-94F93FA8327D}.Release|ARM.ActiveCfg = Release|Any CPU
		{A32FD83E-10C2-42CE-A019-94F93FA8327D}.Release|ARM.Build.0 = Release|Any CPU
		{A32FD83E-10C2-42CE-A019-94F93FA8327D}.Release|ARM.Deploy.0 = Release|Any CPU
		{A32FD83E-10C2-42CE-A019-94F93FA8327D}.Release|iPhone.ActiveCfg = Release|Any CPU
		{A32FD83E-10C2-42CE-A019-94F93FA8327D}.Release|iPhone.Build.0 = Release|Any CPU
		{A32FD83E-10C2-42CE-A019-94F93FA8327D}.Release|iPhone.Deploy.0 = Release|Any CPU
		{A32FD83E-10C2-42CE-A019-94F93FA8327D}.Release|iPhoneSimulator.ActiveCfg = Release|Any CPU
		{A32FD83E-10C2-42CE-A019-94F93FA8327D}.Release|iPhoneSimulator.Build.0 = Release|Any CPU
		{A32FD83E-10C2-42CE-A019-94F93FA8327D}.Release|iPhoneSimulator.Deploy.0 = Release|Any CPU
		{A32FD83E-10C2-42CE-A019-94F93FA8327D}.Release|x64.ActiveCfg = Release|Any CPU
		{A32FD83E-10C2-42CE-A019-94F93FA8327D}.Release|x64.Build.0 = Release|Any CPU
		{A32FD83E-10C2-42CE-A019-94F93FA8327D}.Release|x64.Deploy.0 = Release|Any CPU
		{A32FD83E-10C2-42CE-A019-94F93FA8327D}.Release|x86.ActiveCfg = Release|Any CPU
		{A32FD83E-10C2-42CE-A019-94F93FA8327D}.Release|x86.Build.0 = Release|Any CPU
		{A32FD83E-10C2-42CE-A019-94F93FA8327D}.Release|x86.Deploy.0 = Release|Any CPU
		{7EDAEB1C-E44D-4415-919C-29257B8DAFA6}.Ad-Hoc|Any CPU.ActiveCfg = Release|Any CPU
		{7EDAEB1C-E44D-4415-919C-29257B8DAFA6}.Ad-Hoc|Any CPU.Build.0 = Release|Any CPU
		{7EDAEB1C-E44D-4415-919C-29257B8DAFA6}.Ad-Hoc|ARM.ActiveCfg = Release|Any CPU
		{7EDAEB1C-E44D-4415-919C-29257B8DAFA6}.Ad-Hoc|ARM.Build.0 = Release|Any CPU
		{7EDAEB1C-E44D-4415-919C-29257B8DAFA6}.Ad-Hoc|iPhone.ActiveCfg = Release|Any CPU
		{7EDAEB1C-E44D-4415-919C-29257B8DAFA6}.Ad-Hoc|iPhone.Build.0 = Release|Any CPU
		{7EDAEB1C-E44D-4415-919C-29257B8DAFA6}.Ad-Hoc|iPhoneSimulator.ActiveCfg = Release|Any CPU
		{7EDAEB1C-E44D-4415-919C-29257B8DAFA6}.Ad-Hoc|iPhoneSimulator.Build.0 = Release|Any CPU
		{7EDAEB1C-E44D-4415-919C-29257B8DAFA6}.Ad-Hoc|x64.ActiveCfg = Release|Any CPU
		{7EDAEB1C-E44D-4415-919C-29257B8DAFA6}.Ad-Hoc|x64.Build.0 = Release|Any CPU
		{7EDAEB1C-E44D-4415-919C-29257B8DAFA6}.Ad-Hoc|x86.ActiveCfg = Release|Any CPU
		{7EDAEB1C-E44D-4415-919C-29257B8DAFA6}.Ad-Hoc|x86.Build.0 = Release|Any CPU
		{7EDAEB1C-E44D-4415-919C-29257B8DAFA6}.AppStore|Any CPU.ActiveCfg = Release|Any CPU
		{7EDAEB1C-E44D-4415-919C-29257B8DAFA6}.AppStore|Any CPU.Build.0 = Release|Any CPU
		{7EDAEB1C-E44D-4415-919C-29257B8DAFA6}.AppStore|ARM.ActiveCfg = Release|Any CPU
		{7EDAEB1C-E44D-4415-919C-29257B8DAFA6}.AppStore|ARM.Build.0 = Release|Any CPU
		{7EDAEB1C-E44D-4415-919C-29257B8DAFA6}.AppStore|iPhone.ActiveCfg = Release|Any CPU
		{7EDAEB1C-E44D-4415-919C-29257B8DAFA6}.AppStore|iPhone.Build.0 = Release|Any CPU
		{7EDAEB1C-E44D-4415-919C-29257B8DAFA6}.AppStore|iPhoneSimulator.ActiveCfg = Release|Any CPU
		{7EDAEB1C-E44D-4415-919C-29257B8DAFA6}.AppStore|iPhoneSimulator.Build.0 = Release|Any CPU
		{7EDAEB1C-E44D-4415-919C-29257B8DAFA6}.AppStore|x64.ActiveCfg = Release|Any CPU
		{7EDAEB1C-E44D-4415-919C-29257B8DAFA6}.AppStore|x64.Build.0 = Release|Any CPU
		{7EDAEB1C-E44D-4415-919C-29257B8DAFA6}.AppStore|x86.ActiveCfg = Release|Any CPU
		{7EDAEB1C-E44D-4415-919C-29257B8DAFA6}.AppStore|x86.Build.0 = Release|Any CPU
		{7EDAEB1C-E44D-4415-919C-29257B8DAFA6}.Debug|Any CPU.ActiveCfg = Debug|Any CPU
		{7EDAEB1C-E44D-4415-919C-29257B8DAFA6}.Debug|Any CPU.Build.0 = Debug|Any CPU
		{7EDAEB1C-E44D-4415-919C-29257B8DAFA6}.Debug|ARM.ActiveCfg = Debug|Any CPU
		{7EDAEB1C-E44D-4415-919C-29257B8DAFA6}.Debug|ARM.Build.0 = Debug|Any CPU
		{7EDAEB1C-E44D-4415-919C-29257B8DAFA6}.Debug|iPhone.ActiveCfg = Debug|Any CPU
		{7EDAEB1C-E44D-4415-919C-29257B8DAFA6}.Debug|iPhone.Build.0 = Debug|Any CPU
		{7EDAEB1C-E44D-4415-919C-29257B8DAFA6}.Debug|iPhoneSimulator.ActiveCfg = Debug|Any CPU
		{7EDAEB1C-E44D-4415-919C-29257B8DAFA6}.Debug|iPhoneSimulator.Build.0 = Debug|Any CPU
		{7EDAEB1C-E44D-4415-919C-29257B8DAFA6}.Debug|x64.ActiveCfg = Debug|Any CPU
		{7EDAEB1C-E44D-4415-919C-29257B8DAFA6}.Debug|x64.Build.0 = Debug|Any CPU
		{7EDAEB1C-E44D-4415-919C-29257B8DAFA6}.Debug|x86.ActiveCfg = Debug|Any CPU
		{7EDAEB1C-E44D-4415-919C-29257B8DAFA6}.Debug|x86.Build.0 = Debug|Any CPU
		{7EDAEB1C-E44D-4415-919C-29257B8DAFA6}.Release|Any CPU.ActiveCfg = Release|Any CPU
		{7EDAEB1C-E44D-4415-919C-29257B8DAFA6}.Release|Any CPU.Build.0 = Release|Any CPU
		{7EDAEB1C-E44D-4415-919C-29257B8DAFA6}.Release|ARM.ActiveCfg = Release|Any CPU
		{7EDAEB1C-E44D-4415-919C-29257B8DAFA6}.Release|ARM.Build.0 = Release|Any CPU
		{7EDAEB1C-E44D-4415-919C-29257B8DAFA6}.Release|iPhone.ActiveCfg = Release|Any CPU
		{7EDAEB1C-E44D-4415-919C-29257B8DAFA6}.Release|iPhone.Build.0 = Release|Any CPU
		{7EDAEB1C-E44D-4415-919C-29257B8DAFA6}.Release|iPhoneSimulator.ActiveCfg = Release|Any CPU
		{7EDAEB1C-E44D-4415-919C-29257B8DAFA6}.Release|iPhoneSimulator.Build.0 = Release|Any CPU
		{7EDAEB1C-E44D-4415-919C-29257B8DAFA6}.Release|x64.ActiveCfg = Release|Any CPU
		{7EDAEB1C-E44D-4415-919C-29257B8DAFA6}.Release|x64.Build.0 = Release|Any CPU
		{7EDAEB1C-E44D-4415-919C-29257B8DAFA6}.Release|x86.ActiveCfg = Release|Any CPU
		{7EDAEB1C-E44D-4415-919C-29257B8DAFA6}.Release|x86.Build.0 = Release|Any CPU
		{8772D387-8CD1-48FB-B849-7F196997EEA0}.Ad-Hoc|Any CPU.ActiveCfg = Release|x86
		{8772D387-8CD1-48FB-B849-7F196997EEA0}.Ad-Hoc|Any CPU.Build.0 = Release|x86
		{8772D387-8CD1-48FB-B849-7F196997EEA0}.Ad-Hoc|Any CPU.Deploy.0 = Release|x86
		{8772D387-8CD1-48FB-B849-7F196997EEA0}.Ad-Hoc|ARM.ActiveCfg = Release|ARM
		{8772D387-8CD1-48FB-B849-7F196997EEA0}.Ad-Hoc|ARM.Build.0 = Release|ARM
		{8772D387-8CD1-48FB-B849-7F196997EEA0}.Ad-Hoc|ARM.Deploy.0 = Release|ARM
		{8772D387-8CD1-48FB-B849-7F196997EEA0}.Ad-Hoc|iPhone.ActiveCfg = Release|x86
		{8772D387-8CD1-48FB-B849-7F196997EEA0}.Ad-Hoc|iPhone.Build.0 = Release|x86
		{8772D387-8CD1-48FB-B849-7F196997EEA0}.Ad-Hoc|iPhone.Deploy.0 = Release|x86
		{8772D387-8CD1-48FB-B849-7F196997EEA0}.Ad-Hoc|iPhoneSimulator.ActiveCfg = Release|x86
		{8772D387-8CD1-48FB-B849-7F196997EEA0}.Ad-Hoc|iPhoneSimulator.Build.0 = Release|x86
		{8772D387-8CD1-48FB-B849-7F196997EEA0}.Ad-Hoc|iPhoneSimulator.Deploy.0 = Release|x86
		{8772D387-8CD1-48FB-B849-7F196997EEA0}.Ad-Hoc|x64.ActiveCfg = Release|x64
		{8772D387-8CD1-48FB-B849-7F196997EEA0}.Ad-Hoc|x64.Build.0 = Release|x64
		{8772D387-8CD1-48FB-B849-7F196997EEA0}.Ad-Hoc|x64.Deploy.0 = Release|x64
		{8772D387-8CD1-48FB-B849-7F196997EEA0}.Ad-Hoc|x86.ActiveCfg = Release|x86
		{8772D387-8CD1-48FB-B849-7F196997EEA0}.Ad-Hoc|x86.Build.0 = Release|x86
		{8772D387-8CD1-48FB-B849-7F196997EEA0}.Ad-Hoc|x86.Deploy.0 = Release|x86
		{8772D387-8CD1-48FB-B849-7F196997EEA0}.AppStore|Any CPU.ActiveCfg = Release|x86
		{8772D387-8CD1-48FB-B849-7F196997EEA0}.AppStore|Any CPU.Build.0 = Release|x86
		{8772D387-8CD1-48FB-B849-7F196997EEA0}.AppStore|Any CPU.Deploy.0 = Release|x86
		{8772D387-8CD1-48FB-B849-7F196997EEA0}.AppStore|ARM.ActiveCfg = Release|ARM
		{8772D387-8CD1-48FB-B849-7F196997EEA0}.AppStore|ARM.Build.0 = Release|ARM
		{8772D387-8CD1-48FB-B849-7F196997EEA0}.AppStore|ARM.Deploy.0 = Release|ARM
		{8772D387-8CD1-48FB-B849-7F196997EEA0}.AppStore|iPhone.ActiveCfg = Release|x86
		{8772D387-8CD1-48FB-B849-7F196997EEA0}.AppStore|iPhone.Build.0 = Release|x86
		{8772D387-8CD1-48FB-B849-7F196997EEA0}.AppStore|iPhone.Deploy.0 = Release|x86
		{8772D387-8CD1-48FB-B849-7F196997EEA0}.AppStore|iPhoneSimulator.ActiveCfg = Release|x86
		{8772D387-8CD1-48FB-B849-7F196997EEA0}.AppStore|iPhoneSimulator.Build.0 = Release|x86
		{8772D387-8CD1-48FB-B849-7F196997EEA0}.AppStore|iPhoneSimulator.Deploy.0 = Release|x86
		{8772D387-8CD1-48FB-B849-7F196997EEA0}.AppStore|x64.ActiveCfg = Release|x64
		{8772D387-8CD1-48FB-B849-7F196997EEA0}.AppStore|x64.Build.0 = Release|x64
		{8772D387-8CD1-48FB-B849-7F196997EEA0}.AppStore|x64.Deploy.0 = Release|x64
		{8772D387-8CD1-48FB-B849-7F196997EEA0}.AppStore|x86.ActiveCfg = Release|x86
		{8772D387-8CD1-48FB-B849-7F196997EEA0}.AppStore|x86.Build.0 = Release|x86
		{8772D387-8CD1-48FB-B849-7F196997EEA0}.AppStore|x86.Deploy.0 = Release|x86
		{8772D387-8CD1-48FB-B849-7F196997EEA0}.Debug|Any CPU.ActiveCfg = Debug|x86
		{8772D387-8CD1-48FB-B849-7F196997EEA0}.Debug|ARM.ActiveCfg = Debug|ARM
		{8772D387-8CD1-48FB-B849-7F196997EEA0}.Debug|ARM.Build.0 = Debug|ARM
		{8772D387-8CD1-48FB-B849-7F196997EEA0}.Debug|ARM.Deploy.0 = Debug|ARM
		{8772D387-8CD1-48FB-B849-7F196997EEA0}.Debug|iPhone.ActiveCfg = Debug|x86
		{8772D387-8CD1-48FB-B849-7F196997EEA0}.Debug|iPhoneSimulator.ActiveCfg = Debug|x86
		{8772D387-8CD1-48FB-B849-7F196997EEA0}.Debug|x64.ActiveCfg = Debug|x64
		{8772D387-8CD1-48FB-B849-7F196997EEA0}.Debug|x64.Build.0 = Debug|x64
		{8772D387-8CD1-48FB-B849-7F196997EEA0}.Debug|x64.Deploy.0 = Debug|x64
		{8772D387-8CD1-48FB-B849-7F196997EEA0}.Debug|x86.ActiveCfg = Debug|x86
		{8772D387-8CD1-48FB-B849-7F196997EEA0}.Debug|x86.Build.0 = Debug|x86
		{8772D387-8CD1-48FB-B849-7F196997EEA0}.Debug|x86.Deploy.0 = Debug|x86
		{8772D387-8CD1-48FB-B849-7F196997EEA0}.Release|Any CPU.ActiveCfg = Release|x86
		{8772D387-8CD1-48FB-B849-7F196997EEA0}.Release|ARM.ActiveCfg = Release|ARM
		{8772D387-8CD1-48FB-B849-7F196997EEA0}.Release|ARM.Build.0 = Release|ARM
		{8772D387-8CD1-48FB-B849-7F196997EEA0}.Release|ARM.Deploy.0 = Release|ARM
		{8772D387-8CD1-48FB-B849-7F196997EEA0}.Release|iPhone.ActiveCfg = Release|x86
		{8772D387-8CD1-48FB-B849-7F196997EEA0}.Release|iPhoneSimulator.ActiveCfg = Release|x86
		{8772D387-8CD1-48FB-B849-7F196997EEA0}.Release|x64.ActiveCfg = Release|x64
		{8772D387-8CD1-48FB-B849-7F196997EEA0}.Release|x64.Build.0 = Release|x64
		{8772D387-8CD1-48FB-B849-7F196997EEA0}.Release|x64.Deploy.0 = Release|x64
		{8772D387-8CD1-48FB-B849-7F196997EEA0}.Release|x86.ActiveCfg = Release|x86
		{8772D387-8CD1-48FB-B849-7F196997EEA0}.Release|x86.Build.0 = Release|x86
		{8772D387-8CD1-48FB-B849-7F196997EEA0}.Release|x86.Deploy.0 = Release|x86
		{8F7A8DFC-F7D6-401C-A34B-9FCAC258284B}.Ad-Hoc|Any CPU.ActiveCfg = Ad-Hoc|iPhone
		{8F7A8DFC-F7D6-401C-A34B-9FCAC258284B}.Ad-Hoc|ARM.ActiveCfg = Ad-Hoc|iPhone
		{8F7A8DFC-F7D6-401C-A34B-9FCAC258284B}.Ad-Hoc|iPhone.ActiveCfg = Ad-Hoc|iPhone
		{8F7A8DFC-F7D6-401C-A34B-9FCAC258284B}.Ad-Hoc|iPhone.Build.0 = Ad-Hoc|iPhone
		{8F7A8DFC-F7D6-401C-A34B-9FCAC258284B}.Ad-Hoc|iPhoneSimulator.ActiveCfg = Ad-Hoc|iPhoneSimulator
		{8F7A8DFC-F7D6-401C-A34B-9FCAC258284B}.Ad-Hoc|iPhoneSimulator.Build.0 = Ad-Hoc|iPhoneSimulator
		{8F7A8DFC-F7D6-401C-A34B-9FCAC258284B}.Ad-Hoc|x64.ActiveCfg = Ad-Hoc|iPhone
		{8F7A8DFC-F7D6-401C-A34B-9FCAC258284B}.Ad-Hoc|x86.ActiveCfg = Ad-Hoc|iPhone
		{8F7A8DFC-F7D6-401C-A34B-9FCAC258284B}.AppStore|Any CPU.ActiveCfg = AppStore|iPhone
		{8F7A8DFC-F7D6-401C-A34B-9FCAC258284B}.AppStore|ARM.ActiveCfg = AppStore|iPhone
		{8F7A8DFC-F7D6-401C-A34B-9FCAC258284B}.AppStore|iPhone.ActiveCfg = AppStore|iPhone
		{8F7A8DFC-F7D6-401C-A34B-9FCAC258284B}.AppStore|iPhone.Build.0 = AppStore|iPhone
		{8F7A8DFC-F7D6-401C-A34B-9FCAC258284B}.AppStore|iPhoneSimulator.ActiveCfg = AppStore|iPhoneSimulator
		{8F7A8DFC-F7D6-401C-A34B-9FCAC258284B}.AppStore|iPhoneSimulator.Build.0 = AppStore|iPhoneSimulator
		{8F7A8DFC-F7D6-401C-A34B-9FCAC258284B}.AppStore|x64.ActiveCfg = AppStore|iPhone
		{8F7A8DFC-F7D6-401C-A34B-9FCAC258284B}.AppStore|x86.ActiveCfg = AppStore|iPhone
		{8F7A8DFC-F7D6-401C-A34B-9FCAC258284B}.Debug|Any CPU.ActiveCfg = Debug|iPhone
		{8F7A8DFC-F7D6-401C-A34B-9FCAC258284B}.Debug|ARM.ActiveCfg = Debug|iPhone
		{8F7A8DFC-F7D6-401C-A34B-9FCAC258284B}.Debug|iPhone.ActiveCfg = Debug|iPhone
		{8F7A8DFC-F7D6-401C-A34B-9FCAC258284B}.Debug|iPhone.Build.0 = Debug|iPhone
		{8F7A8DFC-F7D6-401C-A34B-9FCAC258284B}.Debug|iPhoneSimulator.ActiveCfg = Debug|iPhoneSimulator
		{8F7A8DFC-F7D6-401C-A34B-9FCAC258284B}.Debug|iPhoneSimulator.Build.0 = Debug|iPhoneSimulator
		{8F7A8DFC-F7D6-401C-A34B-9FCAC258284B}.Debug|x64.ActiveCfg = Debug|iPhone
		{8F7A8DFC-F7D6-401C-A34B-9FCAC258284B}.Debug|x86.ActiveCfg = Debug|iPhone
		{8F7A8DFC-F7D6-401C-A34B-9FCAC258284B}.Release|Any CPU.ActiveCfg = Release|iPhone
		{8F7A8DFC-F7D6-401C-A34B-9FCAC258284B}.Release|ARM.ActiveCfg = Release|iPhone
		{8F7A8DFC-F7D6-401C-A34B-9FCAC258284B}.Release|iPhone.ActiveCfg = Release|iPhone
		{8F7A8DFC-F7D6-401C-A34B-9FCAC258284B}.Release|iPhone.Build.0 = Release|iPhone
		{8F7A8DFC-F7D6-401C-A34B-9FCAC258284B}.Release|iPhoneSimulator.ActiveCfg = Release|iPhoneSimulator
		{8F7A8DFC-F7D6-401C-A34B-9FCAC258284B}.Release|iPhoneSimulator.Build.0 = Release|iPhoneSimulator
		{8F7A8DFC-F7D6-401C-A34B-9FCAC258284B}.Release|x64.ActiveCfg = Release|iPhone
		{8F7A8DFC-F7D6-401C-A34B-9FCAC258284B}.Release|x86.ActiveCfg = Release|iPhone
	EndGlobalSection
	GlobalSection(SolutionProperties) = preSolution
		HideSolutionNode = FALSE
	EndGlobalSection
	GlobalSection(NestedProjects) = preSolution
		{C3F1997C-0168-4949-B5C1-409080C6699F} = {C03D7BAE-93E6-459D-9D85-01B61F1A136B}
		{A32FD83E-10C2-42CE-A019-94F93FA8327D} = {6986EDD4-2ACB-471F-9E0A-B4496C860550}
		{7EDAEB1C-E44D-4415-919C-29257B8DAFA6} = {6986EDD4-2ACB-471F-9E0A-B4496C860550}
		{8772D387-8CD1-48FB-B849-7F196997EEA0} = {6986EDD4-2ACB-471F-9E0A-B4496C860550}
		{8F7A8DFC-F7D6-401C-A34B-9FCAC258284B} = {6986EDD4-2ACB-471F-9E0A-B4496C860550}
	EndGlobalSection
EndGlobal
